
Microsoft Visual Studio Solution File, Format Version 12.00
# Visual Studio Version 17
VisualStudioVersion = 17.11.35312.102
MinimumVisualStudioVersion = 10.0.40219.1
Project("{FAE04EC0-301F-11D3-BF4B-00C04F79EFBC}") = "Aplication", "Aplication\Aplication.csproj", "{E3F24A40-F931-460F-A9F6-697DBC9A39FA}"
EndProject
Global
	GlobalSection(SolutionConfigurationPlatforms) = preSolution
		Debug|Any CPU = Debug|Any CPU
		Release|Any CPU = Release|Any CPU
	EndGlobalSection
	GlobalSection(ProjectConfigurationPlatforms) = postSolution
		{E3F24A40-F931-460F-A9F6-697DBC9A39FA}.Debug|Any CPU.ActiveCfg = Debug|Any CPU
		{E3F24A40-F931-460F-A9F6-697DBC9A39FA}.Debug|Any CPU.Build.0 = Debug|Any CPU
		{E3F24A40-F931-460F-A9F6-697DBC9A39FA}.Release|Any CPU.ActiveCfg = Release|Any CPU
		{E3F24A40-F931-460F-A9F6-697DBC9A39FA}.Release|Any CPU.Build.0 = Release|Any CPU
	EndGlobalSection
	GlobalSection(SolutionProperties) = preSolution
		HideSolutionNode = FALSE
	EndGlobalSection
	GlobalSection(ExtensibilityGlobals) = postSolution
		SolutionGuid = {1694418D-3A5E-483A-A660-DBD8DCBFDBB0}
	EndGlobalSection
EndGlobal
